lockfileVersion: '9.0'

settings:
  autoInstallPeers: true
  excludeLinksFromLockfile: false

importers:

  .: {}

  apps/web:
    dependencies:
      '@ai-tech-stack/shared':
        specifier: workspace:*
        version: link:../../packages/shared
      next:
        specifier: ^15.2.2
        version: 15.5.23(react-dom@19.2.8(react@19.2.8))(react@19.2.8)
      react:
        specifier: ^19.0.0
        version: 19.2.8
      react-dom:
        specifier: ^19.0.0
        version: 19.2.8(react@19.2.8)
    devDependencies:
      '@types/node':
        specifier: ^22.13.10
        version: 22.20.1
      '@types/react':
        specifier: ^19.0.10
        version: 19.2.18
      '@types/react-dom':
        specifier: ^19.0.4
        version: 19.2.4(@types/react@19.2.18)
      typescript:
        specifier: ^5.8.2
        version: 5.9.3

  packages/pipeline:
    dependencies:
      '@ai-tech-stack/shared':
        specifier: workspace:*
        version: link:../shared
      better-sqlite3:
        specifier: ^11.9.1
        version: 11.10.0
      yaml:
        specifier: ^2.7.0
        version: 2.9.0
    devDependencies:
      '@types/better-sqlite3':
        specifier: ^7.6.12
        version: 7.6.13
      '@types/node':
        specifier: ^22.13.10
        version: 22.20.1
      tsx:
        specifier: ^4.19.3
        version: 4.23.12
      typescript:
        specifier: ^5.8.2
        version: 5.9.3

  packages/shared:
    devDependencies:
      typescript:
        specifier: ^5.8.2
        version: 5.9.3

packages:

  '@emnapi/runtime@1.11.3':
    resolution: {integrity: sha1-hCV647BTHrKuwf+iPXBwDaAHupU=, tarball: http://npm.gf.com.cn:80/artifactory/api/npm/npm/@emnapi/runtime/-/runtime-1.11.3.tgz}

  '@esbuild/aix-ppc64@0.28.2':
    resolution: {integrity: sha1-v24QMDvPLnxoaXX6Uvk37Cco2Lw=, tarball: http://npm.gf.com.cn:80/artifactory/api/npm/npm/@esbuild/aix-ppc64/-/aix-ppc64-0.28.2.tgz}
    engines: {node: '>=18'}
    cpu: [ppc64]
    os: [aix]

  '@esbuild/android-arm64@0.28.2':
    resolution: {integrity: sha1-DGJGvI0sTRcqrC2z+xGQ1yvWVQQ=, tarball: http://npm.gf.com.cn:80/artifactory/api/npm/npm/@esbuild/android-arm64/-/android-arm64-0.28.2.tgz}
    engines: {node: '>=18'}
    cpu: [arm64]
    os: [android]

  '@esbuild/android-arm@0.28.2':
    resolution: {integrity: sha1-LYTs5qTiaE2SvibuE9QnV9gxw4E=, tarball: http://npm.gf.com.cn:80/artifactory/api/npm/npm/@esbuild/android-arm/-/android-arm-0.28.2.tgz}
    engines: {node: '>=18'}
    cpu: [arm]
    os: [android]

  '@esbuild/android-x64@0.28.2':
    resolution: {integrity: sha1-/DjU1jWNjcHPU/CfdYn+Q262SAE=, tarball: http://npm.gf.com.cn:80/artifactory/api/npm/npm/@esbuild/android-x64/-/android-x64-0.28.2.tgz}
    engines: {node: '>=18'}
    cpu: [x64]
    os: [android]

  '@esbuild/darwin-arm64@0.28.2':
    resolution: {integrity: sha1-+Dr+6sHX2sAcei/QErPkUaBZH8w=, tarball: http://npm.gf.com.cn:80/artifactory/api/npm/npm/@esbuild/darwin-arm64/-/darwin-arm64-0.28.2.tgz}
    engines: {node: '>=18'}
    cpu: [arm64]
    os: [darwin]

  '@esbuild/darwin-x64@0.28.2':
    resolution: {integrity: sha1-UQFHwFWnlViNu+FP1rG4rQovMN4=, tarball: http://npm.gf.com.cn:80/artifactory/api/npm/npm/@esbuild/darwin-x64/-/darwin-x64-0.28.2.tgz}
    engines: {node: '>=18'}
    cpu: [x64]
    os: [darwin]

  '@esbuild/freebsd-arm64@0.28.2':
    resolution: {integrity: sha1-CTuSAOzwsRW6Tl4kinSFycX4vV4=, tarball: http://npm.gf.com.cn:80/artifactory/api/npm/npm/@esbuild/freebsd-arm64/-/freebsd-arm64-0.28.2.tgz}
    engines: {node: '>=18'}
    cpu: [arm64]
    os: [freebsd]

  '@esbuild/freebsd-x64@0.28.2':
    resolution: {integrity: sha1-C+Irbfkl0hPoQeqHEjr134Cw+vc=, tarball: http://npm.gf.com.cn:80/artifactory/api/npm/npm/@esbuild/freebsd-x64/-/freebsd-x64-0.28.2.tgz}
    engines: {node: '>=18'}
    cpu: [x64]
    os: [freebsd]

  '@esbuild/linux-arm64@0.28.2':
    resolution: {integrity: sha1-G9vGUc2pupmVxT7ZxxzqplCUdi0=, tarball: http://npm.gf.com.cn:80/artifactory/api/npm/npm/@esbuild/linux-arm64/-/linux-arm64-0.28.2.tgz}
    engines: {node: '>=18'}
    cpu: [arm64]
    os: [linux]

  '@esbuild/linux-arm@0.28.2':
    resolution: {integrity: sha1-vrEq1yuE9y0oSIzBuO6ffrFB11M=, tarball: http://npm.gf.com.cn:80/artifactory/api/npm/npm/@esbuild/linux-arm/-/linux-arm-0.28.2.tgz}
    engines: {node: '>=18'}
    cpu: [arm]
    os: [linux]

  '@esbuild/linux-ia32@0.28.2':
    resolution: {integrity: sha1-uB+dVVKbRcIGpGoTghSxqmh5aWs=, tarball: http://npm.gf.com.cn:80/artifactory/api/npm/npm/@esbuild/linux-ia32/-/linux-ia32-0.28.2.tgz}
    engines: {node: '>=18'}
    cpu: [ia32]
    os: [linux]

  '@esbuild/linux-loong64@0.28.2':
    resolution: {integrity: sha1-WYZnJBoEyZt27W75QKxQA4xBn5g=, tarball: http://npm.gf.com.cn:80/artifactory/api/npm/npm/@esbuild/linux-loong64/-/linux-loong64-0.28.2.tgz}
    engines: {node: '>=18'}
    cpu: [loong64]
    os: [linux]

  '@esbuild/linux-mips64el@0.28.2':
    resolution: {integrity: sha1-HFHrnOqQP1PZe1rzsYQdtw9Vlso=, tarball: http://npm.gf.com.cn:80/artifactory/api/npm/npm/@esbuild/linux-mips64el/-/linux-mips64el-0.28.2.tgz}
    engines: {node: '>=18'}
    cpu: [mips64el]
    os: [linux]

  '@esbuild/linux-ppc64@0.28.2':
    resolution: {integrity: sha1-Y91h8XzrMagSJ/QT/qyKcbwsUfI=, tarball: http://npm.gf.com.cn:80/artifactory/api/npm/npm/@esbuild/linux-ppc64/-/linux-ppc64-0.28.2.tgz}
    engines: {node: '>=18'}
    cpu: [ppc64]
    os: [linux]

  '@esbuild/linux-riscv64@0.28.2':
    resolution: {integrity: sha1-N2Owj95c8lqx+suOd1Lt/kX7/Cc=, tarball: http://npm.gf.com.cn:80/artifactory/api/npm/npm/@esbuild/linux-riscv64/-/linux-riscv64-0.28.2.tgz}
    engines: {node: '>=18'}
    cpu: [riscv64]
    os: [linux]

  '@esbuild/linux-s390x@0.28.2':
    resolution: {integrity: sha1-GhN/8pOoKQbrMXY4W9fo4OXPt8s=, tarball: http://npm.gf.com.cn:80/artifactory/api/npm/npm/@esbuild/linux-s390x/-/linux-s390x-0.28.2.tgz}
    engines: {node: '>=18'}
    cpu: [s390x]
    os: [linux]

  '@esbuild/linux-x64@0.28.2':
    resolution: {integrity: sha1-Jos2IRwUbKVPj+EsV4qNbviXlIU=, tarball: http://npm.gf.com.cn:80/artifactory/api/npm/npm/@esbuild/linux-x64/-/linux-x64-0.28.2.tgz}
    engines: {node: '>=18'}
    cpu: [x64]
    os: [linux]

  '@esbuild/netbsd-arm64@0.28.2':
    resolution: {integrity: sha1-Ilca2VHWK7aszILY0frVyMGsC6E=, tarball: http://npm.gf.com.cn:80/artifactory/api/npm/npm/@esbuild/netbsd-arm64/-/netbsd-arm64-0.28.2.tgz}
    engines: {node: '>=18'}
    cpu: [arm64]
    os: [netbsd]

  '@esbuild/netbsd-x64@0.28.2':
    resolution: {integrity: sha1-QvzFcpfrCgyj9fxHUpH0waP3wN4=, tarball: http://npm.gf.com.cn:80/artifactory/api/npm/npm/@esbuild/netbsd-x64/-/netbsd-x64-0.28.2.tgz}
    engines: {node: '>=18'}
    cpu: [x64]
    os: [netbsd]

  '@esbuild/openbsd-arm64@0.28.2':
    resolution: {integrity: sha1-nrMq8QSsPaz07coB9ZZmSqsMc+8=, tarball: http://npm.gf.com.cn:80/artifactory/api/npm/npm/@esbuild/openbsd-arm64/-/openbsd-arm64-0.28.2.tgz}
    engines: {node: '>=18'}
    cpu: [arm64]
    os: [openbsd]

  '@esbuild/openbsd-x64@0.28.2':
    resolution: {integrity: sha1-/r7SQC1giCJekfIPtM4lIq0KTv0=, tarball: http://npm.gf.com.cn:80/artifactory/api/npm/npm/@esbuild/openbsd-x64/-/openbsd-x64-0.28.2.tgz}
    engines: {node: '>=18'}
    cpu: [x64]
    os: [openbsd]

  '@esbuild/openharmony-arm64@0.28.2':
    resolution: {integrity: sha1-hWQcPUZkKL+8zqXyHCaDZmP+9c4=, tarball: http://npm.gf.com.cn:80/artifactory/api/npm/npm/@esbuild/openharmony-arm64/-/openharmony-arm64-0.28.2.tgz}
    engines: {node: '>=18'}
    cpu: [arm64]
    os: [openharmony]

  '@esbuild/sunos-x64@0.28.2':
    resolution: {integrity: sha1-pzb52JYkgQRfxMPlT1R58iyHD7Q=, tarball: http://npm.gf.com.cn:80/artifactory/api/npm/npm/@esbuild/sunos-x64/-/sunos-x64-0.28.2.tgz}
    engines: {node: '>=18'}
    cpu: [x64]
    os: [sunos]

  '@esbuild/win32-arm64@0.28.2':
    resolution: {integrity: sha1-7lq0D60YYgG2UqM/il6xSenkJTI=, tarball: http://npm.gf.com.cn:80/artifactory/api/npm/npm/@esbuild/win32-arm64/-/win32-arm64-0.28.2.tgz}
    engines: {node: '>=18'}
    cpu: [arm64]
    os: [win32]

  '@esbuild/win32-ia32@0.28.2':
    resolution: {integrity: sha1-xA0optmaEn2mcR8q/XSxHLY7Bqc=, tarball: http://npm.gf.com.cn:80/artifactory/api/npm/npm/@esbuild/win32-ia32/-/win32-ia32-0.28.2.tgz}
    engines: {node: '>=18'}
    cpu: [ia32]
    os: [win32]

  '@esbuild/win32-x64@0.28.2':
    resolution: {integrity: sha1-shr/uATMFnwTPZX0WzodwTI7moc=, tarball: http://npm.gf.com.cn:80/artifactory/api/npm/npm/@esbuild/win32-x64/-/win32-x64-0.28.2.tgz}
    engines: {node: '>=18'}
    cpu: [x64]
    os: [win32]

  '@img/colour@1.1.0':
    resolution: {integrity: sha1-sMLC+mYa33Xv/WtJZEl82AAQu50=, tarball: http://npm.gf.com.cn:80/artifactory/api/npm/npm/@img/colour/-/colour-1.1.0.tgz}
    engines: {node: '>=18'}

  '@img/sharp-darwin-arm64@0.34.5':
    resolution: {integrity: sha1-bgcy3K3hJrZnCveqFwYLkmg16oY=, tarball: http://npm.gf.com.cn:80/artifactory/api/npm/npm/@img/sharp-darwin-arm64/-/sharp-darwin-arm64-0.34.5.tgz}
    engines: {node: ^18.17.0 || ^20.3.0 || >=21.0.0}
    cpu: [arm64]
    os: [darwin]

  '@img/sharp-darwin-x64@0.34.5':
    resolution: {integrity: sha1-Gbwd1uum1alig0mLnJ9AEYDunHs=, tarball: http://npm.gf.com.cn:80/artifactory/api/npm/npm/@img/sharp-darwin-x64/-/sharp-darwin-x64-0.34.5.tgz}
    engines: {node: ^18.17.0 || ^20.3.0 || >=21.0.0}
    cpu: [x64]
    os: [darwin]

  '@img/sharp-libvips-darwin-arm64@1.2.4':
    resolution: {integrity: sha1-KJTAy4fUInbDiJlC6OLbUXpJLEM=, tarball: http://npm.gf.com.cn:80/artifactory/api/npm/npm/@img/sharp-libvips-darwin-arm64/-/sharp-libvips-darwin-arm64-1.2.4.tgz}
    cpu: [arm64]
    os: [darwin]

  '@img/sharp-libvips-darwin-x64@1.2.4':
    resolution: {integrity: sha1-5jaB9FOalK+c0XJG7YiBc0OG+Mw=, tarball: http://npm.gf.com.cn:80/artifactory/api/npm/npm/@img/sharp-libvips-darwin-x64/-/sharp-libvips-darwin-x64-1.2.4.tgz}
    cpu: [x64]
    os: [darwin]

  '@img/sharp-libvips-linux-arm64@1.2.4':
    resolution: {integrity: sha1-sbKIs2hks7zlRa2R+m2tzxpK0xg=, tarball: http://npm.gf.com.cn:80/artifactory/api/npm/npm/@img/sharp-libvips-linux-arm64/-/sharp-libvips-linux-arm64-1.2.4.tgz}
    cpu: [arm64]
    os: [linux]
    libc: [glibc]

  '@img/sharp-libvips-linux-arm@1.2.4':
    resolution: {integrity: sha1-uSYN0evm+eO9vL3KydKsEl81hS0=, tarball: http://npm.gf.com.cn:80/artifactory/api/npm/npm/@img/sharp-libvips-linux-arm/-/sharp-libvips-linux-arm-1.2.4.tgz}
    cpu: [arm]
    os: [linux]
    libc: [glibc]

  '@img/sharp-libvips-linux-ppc64@1.2.4':
    resolution: {integrity: sha1-S4Ps8qgpBXIis4hIx7Ai57TQeqc=, tarball: http://npm.gf.com.cn:80/artifactory/api/npm/npm/@img/sharp-libvips-linux-ppc64/-/sharp-libvips-linux-ppc64-1.2.4.tgz}
    cpu: [ppc64]
    os: [linux]
    libc: [glibc]

  '@img/sharp-libvips-linux-riscv64@1.2.4':
    resolution: {integrity: sha1-iAtGeACeWiCArxkjMrALCq+KSN4=, tarball: http://npm.gf.com.cn:80/artifactory/api/npm/npm/@img/sharp-libvips-linux-riscv64/-/sharp-libvips-linux-riscv64-1.2.4.tgz}
    cpu: [riscv64]
    os: [linux]
    libc: [glibc]

  '@img/sharp-libvips-linux-s390x@1.2.4':
    resolution: {integrity: sha1-dPNDyOEPrYIbOPdc7TBIiTncWew=, tarball: http://npm.gf.com.cn:80/artifactory/api/npm/npm/@img/sharp-libvips-linux-s390x/-/sharp-libvips-linux-s390x-1.2.4.tgz}
    cpu: [s390x]
    os: [linux]
    libc: [glibc]

  '@img/sharp-libvips-linux-x64@1.2.4':
    resolution: {integrity: sha1-30GD6L2EEPfWG2aFmjXt6rClMc4=, tarball: http://npm.gf.com.cn:80/artifactory/api/npm/npm/@img/sharp-libvips-linux-x64/-/sharp-libvips-linux-x64-1.2.4.tgz}
    cpu: [x64]
    os: [linux]
    libc: [glibc]

  '@img/sharp-libvips-linuxmusl-arm64@1.2.4':
    resolution: {integrity: sha1-yNa0ghHfZxN1QQB+6NG3sfjKjgY=, tarball: http://npm.gf.com.cn:80/artifactory/api/npm/npm/@img/sharp-libvips-linuxmusl-arm64/-/sharp-libvips-linuxmusl-arm64-1.2.4.tgz}
    cpu: [arm64]
    os: [linux]
    libc: [musl]

  '@img/sharp-libvips-linuxmusl-x64@1.2.4':
    resolution: {integrity: sha1-vhHHW+5bCAy+4xoVOod5RI+Rn3U=, tarball: http://npm.gf.com.cn:80/artifactory/api/npm/npm/@img/sharp-libvips-linuxmusl-x64/-/sharp-libvips-linuxmusl-x64-1.2.4.tgz}
    cpu: [x64]
    os: [linux]
    libc: [musl]

  '@img/sharp-linux-arm64@0.34.5':
    resolution: {integrity: sha1-eqd2TvnAAfFeYQVG1C/OVpEXkMw=, tarball: http://npm.gf.com.cn:80/artifactory/api/npm/npm/@img/sharp-linux-arm64/-/sharp-linux-arm64-0.34.5.tgz}
    engines: {node: ^18.17.0 || ^20.3.0 || >=21.0.0}
    cpu: [arm64]
    os: [linux]
    libc: [glibc]

  '@img/sharp-linux-arm@0.34.5':
    resolution: {integrity: sha1-X7DDaV3RJSLTnD/3pryBZGF4Cg0=, tarball: http://npm.gf.com.cn:80/artifactory/api/npm/npm/@img/sharp-linux-arm/-/sharp-linux-arm-0.34.5.tgz}
    engines: {node: ^18.17.0 || ^20.3.0 || >=21.0.0}
    cpu: [arm]
    os: [linux]
    libc: [glibc]

  '@img/sharp-linux-ppc64@0.34.5':
    resolution: {integrity: sha1-nCE6gVIKIMr2aXjz1MB0Vv8uCBM=, tarball: http://npm.gf.com.cn:80/artifactory/api/npm/npm/@img/sharp-linux-ppc64/-/sharp-linux-ppc64-0.34.5.tgz}
    engines: {node: ^18.17.0 || ^20.3.0 || >=21.0.0}
    cpu: [ppc64]
    os: [linux]
    libc: [glibc]

  '@img/sharp-linux-riscv64@0.34.5':
    resolution: {integrity: sha1-zdKBgndOrb4E9iZ1oWqrvMuDP2A=, tarball: http://npm.gf.com.cn:80/artifactory/api/npm/npm/@img/sharp-linux-riscv64/-/sharp-linux-riscv64-0.34.5.tgz}
    engines: {node: ^18.17.0 || ^20.3.0 || >=21.0.0}
    cpu: [riscv64]
    os: [linux]
    libc: [glibc]

  '@img/sharp-linux-s390x@0.34.5':
    resolution: {integrity: sha1-k+rGAbnzKbsnkX4OGQmMci1jDfc=, tarball: http://npm.gf.com.cn:80/artifactory/api/npm/npm/@img/sharp-linux-s390x/-/sharp-linux-s390x-0.34.5.tgz}
    engines: {node: ^18.17.0 || ^20.3.0 || >=21.0.0}
    cpu: [s390x]
    os: [linux]
    libc: [glibc]

  '@img/sharp-linux-x64@0.34.5':
    resolution: {integrity: sha1-VavHzXVP/KUAK2wrcZq9/IRoGag=, tarball: http://npm.gf.com.cn:80/artifactory/api/npm/npm/@img/sharp-linux-x64/-/sharp-linux-x64-0.34.5.tgz}
    engines: {node: ^18.17.0 || ^20.3.0 || >=21.0.0}
    cpu: [x64]
    os: [linux]
    libc: [glibc]

  '@img/sharp-linuxmusl-arm64@0.34.5':
    resolution: {integrity: sha1-1lFe6XG7YvcwAaSCm52GWhG3cIY=, tarball: http://npm.gf.com.cn:80/artifactory/api/npm/npm/@img/sharp-linuxmusl-arm64/-/sharp-linuxmusl-arm64-0.34.5.tgz}
    engines: {node: ^18.17.0 || ^20.3.0 || >=21.0.0}
    cpu: [arm64]
    os: [linux]
    libc: [musl]

  '@img/sharp-linuxmusl-x64@0.34.5':
    resolution: {integrity: sha1-2Xl4rsfFIS+ZlxTy9bc2RX4S7p8=, tarball: http://npm.gf.com.cn:80/artifactory/api/npm/npm/@img/sharp-linuxmusl-x64/-/sharp-linuxmusl-x64-0.34.5.tgz}
    engines: {node: ^18.17.0 || ^20.3.0 || >=21.0.0}
    cpu: [x64]
    os: [linux]
    libc: [musl]

  '@img/sharp-wasm32@0.34.5':
    resolution: {integrity: sha1-LxWAOqYm+MWd18nQu8dm8atSz6A=, tarball: http://npm.gf.com.cn:80/artifactory/api/npm/npm/@img/sharp-wasm32/-/sharp-wasm32-0.34.5.tgz}
    engines: {node: ^18.17.0 || ^20.3.0 || >=21.0.0}
    cpu: [wasm32]

  '@img/sharp-win32-arm64@0.34.5':
    resolution: {integrity: sha1-Nwbp46w1/d/ByH+U6Enxt1MHzgo=, tarball: http://npm.gf.com.cn:80/artifactory/api/npm/npm/@img/sharp-win32-arm64/-/sharp-win32-arm64-0.34.5.tgz}
    engines: {node: ^18.17.0 || ^20.3.0 || >=21.0.0}
    cpu: [arm64]
    os: [win32]

  '@img/sharp-win32-ia32@0.34.5':
    resolution: {integrity: sha1-C3EWZZmwSeAy8IX7kmPgL05HiN4=, tarball: http://npm.gf.com.cn:80/artifactory/api/npm/npm/@img/sharp-win32-ia32/-/sharp-win32-ia32-0.34.5.tgz}
    engines: {node: ^18.17.0 || ^20.3.0 || >=21.0.0}
    cpu: [ia32]
    os: [win32]

  '@img/sharp-win32-x64@0.34.5':
    resolution: {integrity: sha1-qB/7AOaSZ80KHWJurtuKhDCysvg=, tarball: http://npm.gf.com.cn:80/artifactory/api/npm/npm/@img/sharp-win32-x64/-/sharp-win32-x64-0.34.5.tgz}
    engines: {node: ^18.17.0 || ^20.3.0 || >=21.0.0}
    cpu: [x64]
    os: [win32]

  '@next/env@15.5.23':
    resolution: {integrity: sha1-1lLkA/NFE9QubQoVODdCdao1F8Y=, tarball: http://npm.gf.com.cn:80/artifactory/api/npm/npm/@next/env/-/env-15.5.23.tgz}

  '@next/swc-darwin-arm64@15.5.23':
    resolution: {integrity: sha1-xuj06kZr5Mlxy9NwMsA+vwJag9A=, tarball: http://npm.gf.com.cn:80/artifactory/api/npm/npm/@next/swc-darwin-arm64/-/swc-darwin-arm64-15.5.23.tgz}
    engines: {node: '>= 10'}
    cpu: [arm64]
    os: [darwin]

  '@next/swc-darwin-x64@15.5.23':
    resolution: {integrity: sha1-wu3fsBcv+n+YqvMN/NtPzvTJhrk=, tarball: http://npm.gf.com.cn:80/artifactory/api/npm/npm/@next/swc-darwin-x64/-/swc-darwin-x64-15.5.23.tgz}
    engines: {node: '>= 10'}
    cpu: [x64]
    os: [darwin]

  '@next/swc-linux-arm64-gnu@15.5.23':
    resolution: {integrity: sha1-Ts0YU53Rs1reEjhAgHWH+m3L16U=, tarball: http://npm.gf.com.cn:80/artifactory/api/npm/npm/@next/swc-linux-arm64-gnu/-/swc-linux-arm64-gnu-15.5.23.tgz}
    engines: {node: '>= 10'}
    cpu: [arm64]
    os: [linux]
    libc: [glibc]

  '@next/swc-linux-arm64-musl@15.5.23':
    resolution: {integrity: sha1-oauHbIP5lVIDw/H65H+MZyuSbiQ=, tarball: http://npm.gf.com.cn:80/artifactory/api/npm/npm/@next/swc-linux-arm64-musl/-/swc-linux-arm64-musl-15.5.23.tgz}
    engines: {node: '>= 10'}
    cpu: [arm64]
    os: [linux]
    libc: [musl]

  '@next/swc-linux-x64-gnu@15.5.23':
    resolution: {integrity: sha1-9TPfqySArKFM3k6qa44cnkstpjM=, tarball: http://npm.gf.com.cn:80/artifactory/api/npm/npm/@next/swc-linux-x64-gnu/-/swc-linux-x64-gnu-15.5.23.tgz}
    engines: {node: '>= 10'}
    cpu: [x64]
    os: [linux]
    libc: [glibc]

  '@next/swc-linux-x64-musl@15.5.23':
    resolution: {integrity: sha1-79d02U8m5KFDxSEG0XS5TPIQn+8=, tarball: http://npm.gf.com.cn:80/artifactory/api/npm/npm/@next/swc-linux-x64-musl/-/swc-linux-x64-musl-15.5.23.tgz}
    engines: {node: '>= 10'}
    cpu: [x64]
    os: [linux]
    libc: [musl]

  '@next/swc-win32-arm64-msvc@15.5.23':
    resolution: {integrity: sha1-kZAKjLdtXZWOAhqsTmMtS3hHg1w=, tarball: http://npm.gf.com.cn:80/artifactory/api/npm/npm/@next/swc-win32-arm64-msvc/-/swc-win32-arm64-msvc-15.5.23.tgz}
    engines: {node: '>= 10'}
    cpu: [arm64]
    os: [win32]

  '@next/swc-win32-x64-msvc@15.5.23':
    resolution: {integrity: sha1-fAXx9OK3Ip634yzWWHVBv1LFJUY=, tarball: http://npm.gf.com.cn:80/artifactory/api/npm/npm/@next/swc-win32-x64-msvc/-/swc-win32-x64-msvc-15.5.23.tgz}
    engines: {node: '>= 10'}
    cpu: [x64]
    os: [win32]

  '@swc/helpers@0.5.15':
    resolution: {integrity: sha1-ee+rNExYGez4OkPz+fgR/IS1Ftc=, tarball: http://npm.gf.com.cn:80/artifactory/api/npm/npm/@swc/helpers/-/helpers-0.5.15.tgz}

  '@types/better-sqlite3@7.6.13':
    resolution: {integrity: sha1-pyOH8A0vU8q2meY/LiwFRTz5U/A=, tarball: http://npm.gf.com.cn:80/artifactory/api/npm/npm/@types/better-sqlite3/-/better-sqlite3-7.6.13.tgz}

  '@types/node@22.20.1':
    resolution: {integrity: sha1-hOfN9jzaogwTSqMXzMkBqiHhbw4=, tarball: http://npm.gf.com.cn:80/artifactory/api/npm/npm/@types/node/-/node-22.20.1.tgz}

  '@types/react-dom@19.2.4':
    resolution: {integrity: sha1-Flq16X37CBhHsPZ1UGDPQKP2Zms=, tarball: http://npm.gf.com.cn:80/artifactory/api/npm/npm/@types/react-dom/-/react-dom-19.2.4.tgz}
    peerDependencies:
      '@types/react': ^19.2.0

  '@types/react@19.2.18':
    resolution: {integrity: sha1-6wtqH7Y10alpLV+Eo0lb2K0VNwc=, tarball: http://npm.gf.com.cn:80/artifactory/api/npm/npm/@types/react/-/react-19.2.18.tgz}

  base64-js@1.5.1:
    resolution: {integrity: sha1-GxtEAWClv3rUC2UPCVljSBkDkwo=, tarball: http://npm.gf.com.cn:80/artifactory/api/npm/npm/base64-js/-/base64-js-1.5.1.tgz}

  better-sqlite3@11.10.0:
    resolution: {integrity: sha1-KxsUxazXWkP9hNEswpHqmM71fZg=, tarball: http://npm.gf.com.cn:80/artifactory/api/npm/npm/better-sqlite3/-/better-sqlite3-11.10.0.tgz}

  bindings@1.5.0:
    resolution: {integrity: sha1-EDU8npRTNLwFEabZCzj7x8nFBN8=, tarball: http://npm.gf.com.cn:80/artifactory/api/npm/npm/bindings/-/bindings-1.5.0.tgz}

  bl@4.1.0:
    resolution: {integrity: sha1-RRU1JkGCvsL7vIOmKrmM8R2fezo=, tarball: http://npm.gf.com.cn:80/artifactory/api/npm/npm/bl/-/bl-4.1.0.tgz}

  buffer@5.7.1:
    resolution: {integrity: sha1-umLnwTEzBTWCGXFghRqPZI6Z7tA=, tarball: http://npm.gf.com.cn:80/artifactory/api/npm/npm/buffer/-/buffer-5.7.1.tgz}

  caniuse-lite@1.0.30001809:
    resolution: {integrity: sha1-5s9x8U3f4AjxFN0qhGkjvjwDoHs=, tarball: http://npm.gf.com.cn:80/artifactory/api/npm/npm/caniuse-lite/-/caniuse-lite-1.0.30001809.tgz}

  chownr@1.1.4:
    resolution: {integrity: sha1-b8nXtC0ypYNZYzdmbn0ICE2izGs=, tarball: http://npm.gf.com.cn:80/artifactory/api/npm/npm/chownr/-/chownr-1.1.4.tgz}

  client-only@0.0.1:
    resolution: {integrity: sha1-OLul1APEGrFQv/ZKlchQE89zvKE=, tarball: http://npm.gf.com.cn:80/artifactory/api/npm/npm/client-only/-/client-only-0.0.1.tgz}

  csstype@3.2.3:
    resolution: {integrity: sha1-7EjA8+mT5QZIyG2lWeJhCZXPmJo=, tarball: http://npm.gf.com.cn:80/artifactory/api/npm/npm/csstype/-/csstype-3.2.3.tgz}

  decompress-response@6.0.0:
    resolution: {integrity: sha1-yjh2Et234QS9FthaqwDV7PCcZvw=, tarball: http://npm.gf.com.cn:80/artifactory/api/npm/npm/decompress-response/-/decompress-response-6.0.0.tgz}
    engines: {node: '>=10'}

  deep-extend@0.6.0:
    resolution: {integrity: sha1-xPp8lUBKF6nD6Mp+FTcxK3NjMKw=, tarball: http://npm.gf.com.cn:80/artifactory/api/npm/npm/deep-extend/-/deep-extend-0.6.0.tgz}
    engines: {node: '>=4.0.0'}

  detect-libc@2.1.2:
    resolution: {integrity: sha1-aJxdzcGQDvVYOky59te0c3QgdK0=, tarball: http://npm.gf.com.cn:80/artifactory/api/npm/npm/detect-libc/-/detect-libc-2.1.2.tgz}
    engines: {node: '>=8'}

  end-of-stream@1.4.5:
    resolution: {integrity: sha1-c0TXEd6kDgt0q8LtSXeHQ8ztsIw=, tarball: http://npm.gf.com.cn:80/artifactory/api/npm/npm/end-of-stream/-/end-of-stream-1.4.5.tgz}

  esbuild@0.28.2:
    resolution: {integrity: sha1-D0O9G62VW3LSTiJh46vllXzPCBY=, tarball: http://npm.gf.com.cn:80/artifactory/api/npm/npm/esbuild/-/esbuild-0.28.2.tgz}
    engines: {node: '>=18'}
    hasBin: true

  expand-template@2.0.3:
    resolution: {integrity: sha1-bhSz/O4POmNA7LV9LokYaSBSpHw=, tarball: http://npm.gf.com.cn:80/artifactory/api/npm/npm/expand-template/-/expand-template-2.0.3.tgz}
    engines: {node: '>=6'}

  file-uri-to-path@1.0.0:
    resolution: {integrity: sha1-VTp7hEb/b2hDWcRF8eN6BdrMM90=, tarball: http://npm.gf.com.cn:80/artifactory/api/npm/npm/file-uri-to-path/-/file-uri-to-path-1.0.0.tgz}

  fs-constants@1.0.0:
    resolution: {integrity: sha1-a+Dem+mYzhavivwkSXue6bfM2a0=, tarball: http://npm.gf.com.cn:80/artifactory/api/npm/npm/fs-constants/-/fs-constants-1.0.0.tgz}

  fsevents@2.3.3:
    resolution: {integrity: sha1-ysZAd4XQNnWipeGlMFxpezR9kNY=, tarball: http://npm.gf.com.cn:80/artifactory/api/npm/npm/fsevents/-/fsevents-2.3.3.tgz}
    engines: {node: ^8.16.0 || ^10.6.0 || >=11.0.0}
    os: [darwin]

  github-from-package@0.0.0:
    resolution: {integrity: sha1-l/tdlr/eiXMxPyDoKI75oWf6ZM4=, tarball: http://npm.gf.com.cn:80/artifactory/api/npm/npm/github-from-package/-/github-from-package-0.0.0.tgz}

  ieee754@1.2.1:
    resolution: {integrity: sha1-jrehCmP/8l0VpXsAFYbRd9Gw01I=, tarball: http://npm.gf.com.cn:80/artifactory/api/npm/npm/ieee754/-/ieee754-1.2.1.tgz}

  inherits@2.0.4:
    resolution: {integrity: sha1-D6LGT5MpF8NDOg3tVTY6rjdBa3w=, tarball: http://npm.gf.com.cn:80/artifactory/api/npm/npm/inherits/-/inherits-2.0.4.tgz}

  ini@1.3.8:
    resolution: {integrity: sha1-op2kJbSIBvNHZ6Tvzjlyaa8oQyw=, tarball: http://npm.gf.com.cn:80/artifactory/api/npm/npm/ini/-/ini-1.3.8.tgz}

  mimic-response@3.1.0:
    resolution: {integrity: sha1-LR1Zr5wbEpgVrMwsRqAipc4fo8k=, tarball: http://npm.gf.com.cn:80/artifactory/api/npm/npm/mimic-response/-/mimic-response-3.1.0.tgz}
    engines: {node: '>=10'}

  minimist@1.2.8:
    resolution: {integrity: sha1-waRk52kzAuCCoHXO4MBXdBrEdyw=, tarball: http://npm.gf.com.cn:80/artifactory/api/npm/npm/minimist/-/minimist-1.2.8.tgz}

  mkdirp-classic@0.5.3:
    resolution: {integrity: sha1-+hDJEVzG2IZb4iG6R+6b7XhgERM=, tarball: http://npm.gf.com.cn:80/artifactory/api/npm/npm/mkdirp-classic/-/mkdirp-classic-0.5.3.tgz}

  nanoid@3.3.18:
    resolution: {integrity: sha1-9mot4Rmf/eD88hyKXxMQaxwIGRM=, tarball: http://npm.gf.com.cn:80/artifactory/api/npm/npm/nanoid/-/nanoid-3.3.18.tgz}
    engines: {node: ^10 || ^12 || ^13.7 || ^14 || >=15.0.1}
    hasBin: true

  napi-build-utils@2.0.0:
    resolution: {integrity: sha1-E8IsAYf8/MzhRhhEE2NypH3cAn4=, tarball: http://npm.gf.com.cn:80/artifactory/api/npm/npm/napi-build-utils/-/napi-build-utils-2.0.0.tgz}

  next@15.5.23:
    resolution: {integrity: sha1-0uM043YrpExWpDA4CXSSYTo4USE=, tarball: http://npm.gf.com.cn:80/artifactory/api/npm/npm/next/-/next-15.5.23.tgz}
    engines: {node: ^18.18.0 || ^19.8.0 || >= 20.0.0}
    hasBin: true
    peerDependencies:
      '@opentelemetry/api': ^1.1.0
      '@playwright/test': ^1.51.1
      babel-plugin-react-compiler: '*'
      react: ^18.2.0 || 19.0.0-rc-de68d2f4-20241204 || ^19.0.0
      react-dom: ^18.2.0 || 19.0.0-rc-de68d2f4-20241204 || ^19.0.0
      sass: ^1.3.0
    peerDependenciesMeta:
      '@opentelemetry/api':
        optional: true
      '@playwright/test':
        optional: true
      babel-plugin-react-compiler:
        optional: true
      sass:
        optional: true

  node-abi@3.94.0:
    resolution: {integrity: sha1-AHGB7Q0bVq6WcOpsCE0r+DU4QF8=, tarball: http://npm.gf.com.cn:80/artifactory/api/npm/npm/node-abi/-/node-abi-3.94.0.tgz}
    engines: {node: '>=10'}

  once@1.4.0:
    resolution: {integrity: sha1-WDsap3WWHUsROsF9nFC6753Xa9E=, tarball: http://npm.gf.com.cn:80/artifactory/api/npm/npm/once/-/once-1.4.0.tgz}

  picocolors@1.1.1:
    resolution: {integrity: sha1-PTIa8+q5ObCDyPkpodEs2oHCa2s=, tarball: http://npm.gf.com.cn:80/artifactory/api/npm/npm/picocolors/-/picocolors-1.1.1.tgz}

  postcss@8.4.31:
    resolution: {integrity: sha1-krRRBQqfkU2mdVrzUr3AGSUIZW0=, tarball: http://npm.gf.com.cn:80/artifactory/api/npm/npm/postcss/-/postcss-8.4.31.tgz}
    engines: {node: ^10 || ^12 || >=14}

  prebuild-install@7.1.3:
    resolution: {integrity: sha1-1jCrrSsUdEPyCiEpF76uaLgJLuw=, tarball: http://npm.gf.com.cn:80/artifactory/api/npm/npm/prebuild-install/-/prebuild-install-7.1.3.tgz}
    engines: {node: '>=10'}
    deprecated: No longer maintained. Please contact the author of the relevant native addon; alternatives are available.
    hasBin: true

  pump@3.0.4:
    resolution: {integrity: sha1-HzE0MFJ/qLkFYi69Iv4UROdXqzw=, tarball: http://npm.gf.com.cn:80/artifactory/api/npm/npm/pump/-/pump-3.0.4.tgz}

  rc@1.2.8:
    resolution: {integrity: sha1-zZJL9SAKB1uDwYjNa54hG3/A0+0=, tarball: http://npm.gf.com.cn:80/artifactory/api/npm/npm/rc/-/rc-1.2.8.tgz}
    hasBin: true

  react-dom@19.2.8:
    resolution: {integrity: sha1-O0a57tqHfN/yzxPSdw//SuNsLsI=, tarball: http://npm.gf.com.cn:80/artifactory/api/npm/npm/react-dom/-/react-dom-19.2.8.tgz}
    peerDependencies:
      react: ^19.2.8

  react@19.2.8:
    resolution: {integrity: sha1-qAZj27WNacb+P9KR08syTop9/y0=, tarball: http://npm.gf.com.cn:80/artifactory/api/npm/npm/react/-/react-19.2.8.tgz}
    engines: {node: '>=0.10.0'}

  readable-stream@3.6.2:
    resolution: {integrity: sha1-VqmzbqllwAxak+8x6xEaDxEFaWc=, tarball: http://npm.gf.com.cn:80/artifactory/api/npm/npm/readable-stream/-/readable-stream-3.6.2.tgz}
    engines: {node: '>= 6'}

  safe-buffer@5.2.1:
    resolution: {integrity: sha1-Hq+fqb2x/dTsdfWPnNtOa3gn7sY=, tarball: http://npm.gf.com.cn:80/artifactory/api/npm/npm/safe-buffer/-/safe-buffer-5.2.1.tgz}

  scheduler@0.27.0:
    resolution: {integrity: sha1-DE74LWfR5cHjWej8dtOofwRf5b0=, tarball: http://npm.gf.com.cn:80/artifactory/api/npm/npm/scheduler/-/scheduler-0.27.0.tgz}

  semver@7.8.5:
    resolution: {integrity: sha1-ObZGA33VDBT7RR5+TKxY7YuGP2k=, tarball: http://npm.gf.com.cn:80/artifactory/api/npm/npm/semver/-/semver-7.8.5.tgz}
    engines: {node: '>=10'}
    hasBin: true

  sharp@0.34.5:
    resolution: {integrity: sha1-tvFI5LjGHxeXveEanRz+u64sV7A=, tarball: http://npm.gf.com.cn:80/artifactory/api/npm/npm/sharp/-/sharp-0.34.5.tgz}
    engines: {node: ^18.17.0 || ^20.3.0 || >=21.0.0}

  simple-concat@1.0.1:
    resolution: {integrity: sha1-9Gl2CCujXCJj8cirXt/ibEHJVS8=, tarball: http://npm.gf.com.cn:80/artifactory/api/npm/npm/simple-concat/-/simple-concat-1.0.1.tgz}

  simple-get@4.0.1:
    resolution: {integrity: sha1-SjnbVJKHyXnTUhEvoD/Zn9a8NUM=, tarball: http://npm.gf.com.cn:80/artifactory/api/npm/npm/simple-get/-/simple-get-4.0.1.tgz}

  source-map-js@1.2.1:
    resolution: {integrity: sha1-HOVlD93YerwJnto33P8CTCZnrkY=, tarball: http://npm.gf.com.cn:80/artifactory/api/npm/npm/source-map-js/-/source-map-js-1.2.1.tgz}
    engines: {node: '>=0.10.0'}

  string_decoder@1.3.0:
    resolution: {integrity: sha1-QvEUWUpGzxqOMLCoT1bHjD7awh4=, tarball: http://npm.gf.com.cn:80/artifactory/api/npm/npm/string_decoder/-/string_decoder-1.3.0.tgz}

  strip-json-comments@2.0.1:
    resolution: {integrity: sha1-PFMZQukIwml8DsNEhYwobHygpgo=, tarball: http://npm.gf.com.cn:80/artifactory/api/npm/npm/strip-json-comments/-/strip-json-comments-2.0.1.tgz}
    engines: {node: '>=0.10.0'}

  styled-jsx@5.1.6:
    resolution: {integrity: sha1-g7kMB35saoD39eh4HQ8xGy/kFJk=, tarball: http://npm.gf.com.cn:80/artifactory/api/npm/npm/styled-jsx/-/styled-jsx-5.1.6.tgz}
    engines: {node: '>= 12.0.0'}
    peerDependencies:
      '@babel/core': '*'
      babel-plugin-macros: '*'
      react: '>= 16.8.0 || 17.x.x || ^18.0.0-0 || ^19.0.0-0'
    peerDependenciesMeta:
      '@babel/core':
        optional: true
      babel-plugin-macros:
        optional: true

  tar-fs@2.1.5:
    resolution: {integrity: sha1-M+nClBPc4MWK2n/3fbTlowr//nA=, tarball: http://npm.gf.com.cn:80/artifactory/api/npm/npm/tar-fs/-/tar-fs-2.1.5.tgz}

  tar-stream@2.2.0:
    resolution: {integrity: sha1-rK2EwoQTawYNw/qmRHSqmuvXcoc=, tarball: http://npm.gf.com.cn:80/artifactory/api/npm/npm/tar-stream/-/tar-stream-2.2.0.tgz}
    engines: {node: '>=6'}

  tslib@2.8.1:
    resolution: {integrity: sha1-YS7+TtI11Wfoq6Xypfq3AoCt6D8=, tarball: http://npm.gf.com.cn:80/artifactory/api/npm/npm/tslib/-/tslib-2.8.1.tgz}

  tsx@4.23.12:
    resolution: {integrity: sha1-OkkZWRzZueAAEbdeWWyKuNsjwJw=, tarball: http://npm.gf.com.cn:80/artifactory/api/npm/npm/tsx/-/tsx-4.23.12.tgz}
    engines: {node: '>=18.0.0'}
    hasBin: true

  tunnel-agent@0.6.0:
    resolution: {integrity: sha1-J6XeoGs2sEoKmWZ3SykIaPD8QP0=, tarball: http://npm.gf.com.cn:80/artifactory/api/npm/npm/tunnel-agent/-/tunnel-agent-0.6.0.tgz}

  typescript@5.9.3:
    resolution: {integrity: sha1-W09Z4VMQqxeiFvXWz1PuR27eZw8=, tarball: http://npm.gf.com.cn:80/artifactory/api/npm/npm/typescript/-/typescript-5.9.3.tgz}
    engines: {node: '>=14.17'}
    hasBin: true

  undici-types@6.21.0:
    resolution: {integrity: sha1-aR0ArzkJvpOn+qE75hs6W1DvEss=, tarball: http://npm.gf.com.cn:80/artifactory/api/npm/npm/undici-types/-/undici-types-6.21.0.tgz}

  util-deprecate@1.0.2:
    resolution: {integrity: sha1-RQ1Nyfpw3nMnYvvS1KKJgUGaDM8=, tarball: http://npm.gf.com.cn:80/artifactory/api/npm/npm/util-deprecate/-/util-deprecate-1.0.2.tgz}

  wrappy@1.0.2:
    resolution: {integrity: sha1-tSQ9jz7BqjXxNkYFvA0QNuMKtp8=, tarball: http://npm.gf.com.cn:80/artifactory/api/npm/npm/wrappy/-/wrappy-1.0.2.tgz}

  yaml@2.9.0:
    resolution: {integrity: sha1-eCdK/ZNZih391hMN9qVm3vy/mqQ=, tarball: http://npm.gf.com.cn:80/artifactory/api/npm/npm/yaml/-/yaml-2.9.0.tgz}
    engines: {node: '>= 14.6'}
    hasBin: true

snapshots:

  '@emnapi/runtime@1.11.3':
    dependencies:
      tslib: 2.8.1
    optional: true

  '@esbuild/aix-ppc64@0.28.2':
    optional: true

  '@esbuild/android-arm64@0.28.2':
    optional: true

  '@esbuild/android-arm@0.28.2':
    optional: true

  '@esbuild/android-x64@0.28.2':
    optional: true

  '@esbuild/darwin-arm64@0.28.2':
    optional: true

  '@esbuild/darwin-x64@0.28.2':
    optional: true

  '@esbuild/freebsd-arm64@0.28.2':
    optional: true

  '@esbuild/freebsd-x64@0.28.2':
    optional: true

  '@esbuild/linux-arm64@0.28.2':
    optional: true

  '@esbuild/linux-arm@0.28.2':
    optional: true

  '@esbuild/linux-ia32@0.28.2':
    optional: true

  '@esbuild/linux-loong64@0.28.2':
    optional: true

  '@esbuild/linux-mips64el@0.28.2':
    optional: true

  '@esbuild/linux-ppc64@0.28.2':
    optional: true

  '@esbuild/linux-riscv64@0.28.2':
    optional: true

  '@esbuild/linux-s390x@0.28.2':
    optional: true

  '@esbuild/linux-x64@0.28.2':
    optional: true

  '@esbuild/netbsd-arm64@0.28.2':
    optional: true

  '@esbuild/netbsd-x64@0.28.2':
    optional: true

  '@esbuild/openbsd-arm64@0.28.2':
    optional: true

  '@esbuild/openbsd-x64@0.28.2':
    optional: true

  '@esbuild/openharmony-arm64@0.28.2':
    optional: true

  '@esbuild/sunos-x64@0.28.2':
    optional: true

  '@esbuild/win32-arm64@0.28.2':
    optional: true

  '@esbuild/win32-ia32@0.28.2':
    optional: true

  '@esbuild/win32-x64@0.28.2':
    optional: true

  '@img/colour@1.1.0':
    optional: true

  '@img/sharp-darwin-arm64@0.34.5':
    optionalDependencies:
      '@img/sharp-libvips-darwin-arm64': 1.2.4
    optional: true

  '@img/sharp-darwin-x64@0.34.5':
    optionalDependencies:
      '@img/sharp-libvips-darwin-x64': 1.2.4
    optional: true

  '@img/sharp-libvips-darwin-arm64@1.2.4':
    optional: true

  '@img/sharp-libvips-darwin-x64@1.2.4':
    optional: true

  '@img/sharp-libvips-linux-arm64@1.2.4':
    optional: true

  '@img/sharp-libvips-linux-arm@1.2.4':
    optional: true

  '@img/sharp-libvips-linux-ppc64@1.2.4':
    optional: true

  '@img/sharp-libvips-linux-riscv64@1.2.4':
    optional: true

  '@img/sharp-libvips-linux-s390x@1.2.4':
    optional: true

  '@img/sharp-libvips-linux-x64@1.2.4':
    optional: true

  '@img/sharp-libvips-linuxmusl-arm64@1.2.4':
    optional: true

  '@img/sharp-libvips-linuxmusl-x64@1.2.4':
    optional: true

  '@img/sharp-linux-arm64@0.34.5':
    optionalDependencies:
      '@img/sharp-libvips-linux-arm64': 1.2.4
    optional: true

  '@img/sharp-linux-arm@0.34.5':
    optionalDependencies:
      '@img/sharp-libvips-linux-arm': 1.2.4
    optional: true

  '@img/sharp-linux-ppc64@0.34.5':
    optionalDependencies:
      '@img/sharp-libvips-linux-ppc64': 1.2.4
    optional: true

  '@img/sharp-linux-riscv64@0.34.5':
    optionalDependencies:
      '@img/sharp-libvips-linux-riscv64': 1.2.4
    optional: true

  '@img/sharp-linux-s390x@0.34.5':
    optionalDependencies:
      '@img/sharp-libvips-linux-s390x': 1.2.4
    optional: true

  '@img/sharp-linux-x64@0.34.5':
    optionalDependencies:
      '@img/sharp-libvips-linux-x64': 1.2.4
    optional: true

  '@img/sharp-linuxmusl-arm64@0.34.5':
    optionalDependencies:
      '@img/sharp-libvips-linuxmusl-arm64': 1.2.4
    optional: true

  '@img/sharp-linuxmusl-x64@0.34.5':
    optionalDependencies:
      '@img/sharp-libvips-linuxmusl-x64': 1.2.4
    optional: true

  '@img/sharp-wasm32@0.34.5':
    dependencies:
      '@emnapi/runtime': 1.11.3
    optional: true

  '@img/sharp-win32-arm64@0.34.5':
    optional: true

  '@img/sharp-win32-ia32@0.34.5':
    optional: true

  '@img/sharp-win32-x64@0.34.5':
    optional: true

  '@next/env@15.5.23': {}

  '@next/swc-darwin-arm64@15.5.23':
    optional: true

  '@next/swc-darwin-x64@15.5.23':
    optional: true

  '@next/swc-linux-arm64-gnu@15.5.23':
    optional: true

  '@next/swc-linux-arm64-musl@15.5.23':
    optional: true

  '@next/swc-linux-x64-gnu@15.5.23':
    optional: true

  '@next/swc-linux-x64-musl@15.5.23':
    optional: true

  '@next/swc-win32-arm64-msvc@15.5.23':
    optional: true

  '@next/swc-win32-x64-msvc@15.5.23':
    optional: true

  '@swc/helpers@0.5.15':
    dependencies:
      tslib: 2.8.1

  '@types/better-sqlite3@7.6.13':
    dependencies:
      '@types/node': 22.20.1

  '@types/node@22.20.1':
    dependencies:
      undici-types: 6.21.0

  '@types/react-dom@19.2.4(@types/react@19.2.18)':
    dependencies:
      '@types/react': 19.2.18

  '@types/react@19.2.18':
    dependencies:
      csstype: 3.2.3

  base64-js@1.5.1: {}

  better-sqlite3@11.10.0:
    dependencies:
      bindings: 1.5.0
      prebuild-install: 7.1.3

  bindings@1.5.0:
    dependencies:
      file-uri-to-path: 1.0.0

  bl@4.1.0:
    dependencies:
      buffer: 5.7.1
      inherits: 2.0.4
      readable-stream: 3.6.2

  buffer@5.7.1:
    dependencies:
      base64-js: 1.5.1
      ieee754: 1.2.1

  caniuse-lite@1.0.30001809: {}

  chownr@1.1.4: {}

  client-only@0.0.1: {}

  csstype@3.2.3: {}

  decompress-response@6.0.0:
    dependencies:
      mimic-response: 3.1.0

  deep-extend@0.6.0: {}

  detect-libc@2.1.2: {}

  end-of-stream@1.4.5:
    dependencies:
      once: 1.4.0

  esbuild@0.28.2:
    optionalDependencies:
      '@esbuild/aix-ppc64': 0.28.2
      '@esbuild/android-arm': 0.28.2
      '@esbuild/android-arm64': 0.28.2
      '@esbuild/android-x64': 0.28.2
      '@esbuild/darwin-arm64': 0.28.2
      '@esbuild/darwin-x64': 0.28.2
      '@esbuild/freebsd-arm64': 0.28.2
      '@esbuild/freebsd-x64': 0.28.2
      '@esbuild/linux-arm': 0.28.2
      '@esbuild/linux-arm64': 0.28.2
      '@esbuild/linux-ia32': 0.28.2
      '@esbuild/linux-loong64': 0.28.2
      '@esbuild/linux-mips64el': 0.28.2
      '@esbuild/linux-ppc64': 0.28.2
      '@esbuild/linux-riscv64': 0.28.2
      '@esbuild/linux-s390x': 0.28.2
      '@esbuild/linux-x64': 0.28.2
      '@esbuild/netbsd-arm64': 0.28.2
      '@esbuild/netbsd-x64': 0.28.2
      '@esbuild/openbsd-arm64': 0.28.2
      '@esbuild/openbsd-x64': 0.28.2
      '@esbuild/openharmony-arm64': 0.28.2
      '@esbuild/sunos-x64': 0.28.2
      '@esbuild/win32-arm64': 0.28.2
      '@esbuild/win32-ia32': 0.28.2
      '@esbuild/win32-x64': 0.28.2

  expand-template@2.0.3: {}

  file-uri-to-path@1.0.0: {}

  fs-constants@1.0.0: {}

  fsevents@2.3.3:
    optional: true

  github-from-package@0.0.0: {}

  ieee754@1.2.1: {}

  inherits@2.0.4: {}

  ini@1.3.8: {}

  mimic-response@3.1.0: {}

  minimist@1.2.8: {}

  mkdirp-classic@0.5.3: {}

  nanoid@3.3.18: {}

  napi-build-utils@2.0.0: {}

  next@15.5.23(react-dom@19.2.8(react@19.2.8))(react@19.2.8):
    dependencies:
      '@next/env': 15.5.23
      '@swc/helpers': 0.5.15
      caniuse-lite: 1.0.30001809
      postcss: 8.4.31
      react: 19.2.8
      react-dom: 19.2.8(react@19.2.8)
      styled-jsx: 5.1.6(react@19.2.8)
    optionalDependencies:
      '@next/swc-darwin-arm64': 15.5.23
      '@next/swc-darwin-x64': 15.5.23
      '@next/swc-linux-arm64-gnu': 15.5.23
      '@next/swc-linux-arm64-musl': 15.5.23
      '@next/swc-linux-x64-gnu': 15.5.23
      '@next/swc-linux-x64-musl': 15.5.23
      '@next/swc-win32-arm64-msvc': 15.5.23
      '@next/swc-win32-x64-msvc': 15.5.23
      sharp: 0.34.5
    transitivePeerDependencies:
      - '@babel/core'
      - babel-plugin-macros

  node-abi@3.94.0:
    dependencies:
      semver: 7.8.5

  once@1.4.0:
    dependencies:
      wrappy: 1.0.2

  picocolors@1.1.1: {}

  postcss@8.4.31:
    dependencies:
      nanoid: 3.3.18
      picocolors: 1.1.1
      source-map-js: 1.2.1

  prebuild-install@7.1.3:
    dependencies:
      detect-libc: 2.1.2
      expand-template: 2.0.3
      github-from-package: 0.0.0
      minimist: 1.2.8
      mkdirp-classic: 0.5.3
      napi-build-utils: 2.0.0
      node-abi: 3.94.0
      pump: 3.0.4
      rc: 1.2.8
      simple-get: 4.0.1
      tar-fs: 2.1.5
      tunnel-agent: 0.6.0

  pump@3.0.4:
    dependencies:
      end-of-stream: 1.4.5
      once: 1.4.0

  rc@1.2.8:
    dependencies:
      deep-extend: 0.6.0
      ini: 1.3.8
      minimist: 1.2.8
      strip-json-comments: 2.0.1

  react-dom@19.2.8(react@19.2.8):
    dependencies:
      react: 19.2.8
      scheduler: 0.27.0

  react@19.2.8: {}

  readable-stream@3.6.2:
    dependencies:
      inherits: 2.0.4
      string_decoder: 1.3.0
      util-deprecate: 1.0.2

  safe-buffer@5.2.1: {}

  scheduler@0.27.0: {}

  semver@7.8.5: {}

  sharp@0.34.5:
    dependencies:
      '@img/colour': 1.1.0
      detect-libc: 2.1.2
      semver: 7.8.5
    optionalDependencies:
      '@img/sharp-darwin-arm64': 0.34.5
      '@img/sharp-darwin-x64': 0.34.5
      '@img/sharp-libvips-darwin-arm64': 1.2.4
      '@img/sharp-libvips-darwin-x64': 1.2.4
      '@img/sharp-libvips-linux-arm': 1.2.4
      '@img/sharp-libvips-linux-arm64': 1.2.4
      '@img/sharp-libvips-linux-ppc64': 1.2.4
      '@img/sharp-libvips-linux-riscv64': 1.2.4
      '@img/sharp-libvips-linux-s390x': 1.2.4
      '@img/sharp-libvips-linux-x64': 1.2.4
      '@img/sharp-libvips-linuxmusl-arm64': 1.2.4
      '@img/sharp-libvips-linuxmusl-x64': 1.2.4
      '@img/sharp-linux-arm': 0.34.5
      '@img/sharp-linux-arm64': 0.34.5
      '@img/sharp-linux-ppc64': 0.34.5
      '@img/sharp-linux-riscv64': 0.34.5
      '@img/sharp-linux-s390x': 0.34.5
      '@img/sharp-linux-x64': 0.34.5
      '@img/sharp-linuxmusl-arm64': 0.34.5
      '@img/sharp-linuxmusl-x64': 0.34.5
      '@img/sharp-wasm32': 0.34.5
      '@img/sharp-win32-arm64': 0.34.5
      '@img/sharp-win32-ia32': 0.34.5
      '@img/sharp-win32-x64': 0.34.5
    optional: true

  simple-concat@1.0.1: {}

  simple-get@4.0.1:
    dependencies:
      decompress-response: 6.0.0
      once: 1.4.0
      simple-concat: 1.0.1

  source-map-js@1.2.1: {}

  string_decoder@1.3.0:
    dependencies:
      safe-buffer: 5.2.1

  strip-json-comments@2.0.1: {}

  styled-jsx@5.1.6(react@19.2.8):
    dependencies:
      client-only: 0.0.1
      react: 19.2.8

  tar-fs@2.1.5:
    dependencies:
      chownr: 1.1.4
      mkdirp-classic: 0.5.3
      pump: 3.0.4
      tar-stream: 2.2.0

  tar-stream@2.2.0:
    dependencies:
      bl: 4.1.0
      end-of-stream: 1.4.5
      fs-constants: 1.0.0
      inherits: 2.0.4
      readable-stream: 3.6.2

  tslib@2.8.1: {}

  tsx@4.23.12:
    dependencies:
      esbuild: 0.28.2
    optionalDependencies:
      fsevents: 2.3.3

  tunnel-agent@0.6.0:
    dependencies:
      safe-buffer: 5.2.1

  typescript@5.9.3: {}

  undici-types@6.21.0: {}

  util-deprecate@1.0.2: {}

  wrappy@1.0.2: {}

  yaml@2.9.0: {}
